
Microsoft Visual Studio Solution File, Format Version 12.00
# Visual Studio Version 17
VisualStudioVersion = 17.0.31512.422
MinimumVisualStudioVersion = 10.0.40219.1
Project("{9A19103F-16F7-4668-BE54-9A1E7A4F7556}") = "OrionShock", "src\OrionShock\OrionShock.csproj", "{DA542127-773A-4DA6-9340-E55957421D77}"
EndProject
Project("{9A19103F-16F7-4668-BE54-9A1E7A4F7556}") = "Orion.Launcher", "src\orion-launcher\src\Orion.Launcher\Orion.Launcher.csproj", "{8540F328-FF43-4A2A-88D6-BDEE66D573A3}"
EndProject
Project("{9A19103F-16F7-4668-BE54-9A1E7A4F7556}") = "OrionShock.Tests", "tests\OrionShock.Tests\OrionShock.Tests.csproj", "{1F44A3BD-A438-4E66-B7AD-216C3C25DC64}"
EndProject
Project("{9A19103F-16F7-4668-BE54-9A1E7A4F7556}") = "Orion.Core", "src\orion-core\src\Orion.Core\Orion.Core.csproj", "{E0FBD14B-37B9-40E5-8754-D125759110B2}"
EndProject
Project("{9A19103F-16F7-4668-BE54-9A1E7A4F7556}") = "OrionShock.Core", "src\OrionShock.Core\OrionShock.Core.csproj", "{E445AA1B-9F61-47B5-AD06-23F05363C5A9}"
EndProject
Project("{9A19103F-16F7-4668-BE54-9A1E7A4F7556}") = "OrionShock.Infrastructure.Shared", "src\OrionShock.Infrastructure.Shared\OrionShock.Infrastructure.Shared.csproj", "{6E412B97-DEBD-482D-8747-3EFD94D29BFB}"
EndProject
Project("{FAE04EC0-301F-11D3-BF4B-00C04F79EFBC}") = "OrionShock.Infrastructure.EntityFrameworkCore", "src\OrionShock.Infrastructure.EntityFrameworkCore\OrionShock.Infrastructure.EntityFrameworkCore.csproj", "{9C6214FA-AFE8-45B6-AD26-889F58964453}"
EndProject
Global
	GlobalSection(SolutionConfigurationPlatforms) = preSolution
		Debug|Any CPU = Debug|Any CPU
		Release|Any CPU = Release|Any CPU
	EndGlobalSection
	GlobalSection(ProjectConfigurationPlatforms) = postSolution
		{DA542127-773A-4DA6-9340-E55957421D77}.Debug|Any CPU.ActiveCfg = Debug|Any CPU
		{DA542127-773A-4DA6-9340-E55957421D77}.Debug|Any CPU.Build.0 = Debug|Any CPU
		{DA542127-773A-4DA6-9340-E55957421D77}.Release|Any CPU.ActiveCfg = Release|Any CPU
		{DA542127-773A-4DA6-9340-E55957421D77}.Release|Any CPU.Build.0 = Release|Any CPU
		{8540F328-FF43-4A2A-88D6-BDEE66D573A3}.Debug|Any CPU.ActiveCfg = Debug|Any CPU
		{8540F328-FF43-4A2A-88D6-BDEE66D573A3}.Debug|Any CPU.Build.0 = Debug|Any CPU
		{8540F328-FF43-4A2A-88D6-BDEE66D573A3}.Release|Any CPU.ActiveCfg = Release|Any CPU
		{8540F328-FF43-4A2A-88D6-BDEE66D573A3}.Release|Any CPU.Build.0 = Release|Any CPU
		{1F44A3BD-A438-4E66-B7AD-216C3C25DC64}.Debug|Any CPU.ActiveCfg = Debug|Any CPU
		{1F44A3BD-A438-4E66-B7AD-216C3C25DC64}.Debug|Any CPU.Build.0 = Debug|Any CPU
		{1F44A3BD-A438-4E66-B7AD-216C3C25DC64}.Release|Any CPU.ActiveCfg = Release|Any CPU
		{1F44A3BD-A438-4E66-B7AD-216C3C25DC64}.Release|Any CPU.Build.0 = Release|Any CPU
		{E0FBD14B-37B9-40E5-8754-D125759110B2}.Debug|Any CPU.ActiveCfg = Debug|Any CPU
		{E0FBD14B-37B9-40E5-8754-D125759110B2}.Debug|Any CPU.Build.0 = Debug|Any CPU
		{E0FBD14B-37B9-40E5-8754-D125759110B2}.Release|Any CPU.ActiveCfg = Release|Any CPU
		{E0FBD14B-37B9-40E5-8754-D125759110B2}.Release|Any CPU.Build.0 = Release|Any CPU
		{E445AA1B-9F61-47B5-AD06-23F05363C5A9}.Debug|Any CPU.ActiveCfg = Debug|Any CPU
		{E445AA1B-9F61-47B5-AD06-23F05363C5A9}.Debug|Any CPU.Build.0 = Debug|Any CPU
		{E445AA1B-9F61-47B5-AD06-23F05363C5A9}.Release|Any CPU.ActiveCfg = Release|Any CPU
		{E445AA1B-9F61-47B5-AD06-23F05363C5A9}.Release|Any CPU.Build.0 = Release|Any CPU
		{6E412B97-DEBD-482D-8747-3EFD94D29BFB}.Debug|Any CPU.ActiveCfg = Debug|Any CPU
		{6E412B97-DEBD-482D-8747-3EFD94D29BFB}.Debug|Any CPU.Build.0 = Debug|Any CPU
		{6E412B97-DEBD-482D-8747-3EFD94D29BFB}.Release|Any CPU.ActiveCfg = Release|Any CPU
		{6E412B97-DEBD-482D-8747-3EFD94D29BFB}.Release|Any CPU.Build.0 = Release|Any CPU
		{9C6214FA-AFE8-45B6-AD26-889F58964453}.Debug|Any CPU.ActiveCfg = Debug|Any CPU
		{9C6214FA-AFE8-45B6-AD26-889F58964453}.Debug|Any CPU.Build.0 = Debug|Any CPU
		{9C6214FA-AFE8-45B6-AD26-889F58964453}.Release|Any CPU.ActiveCfg = Release|Any CPU
		{9C6214FA-AFE8-45B6-AD26-889F58964453}.Release|Any CPU.Build.0 = Release|Any CPU
	EndGlobalSection
	GlobalSection(SolutionProperties) = preSolution
		HideSolutionNode = FALSE
	EndGlobalSection
	GlobalSection(ExtensibilityGlobals) = postSolution
		SolutionGuid = {24CC663B-E232-4B66-A6A0-B6CA46EBE69E}
	EndGlobalSection
EndGlobal
